
Microsoft Visual Studio Solution File, Format Version 12.00
# Visual Studio Version 17
VisualStudioVersion = 17.11.35327.3
MinimumVisualStudioVersion = 10.0.40219.1
Project("{9A19103F-16F7-4668-BE54-9A1E7A4F7556}") = "Fiap.FileCut.Infra.Api", "Fiap.FileCut.Infra.Api\Fiap.FileCut.Infra.Api.csproj", "{E22AEAA6-63DE-4790-B560-260B42359210}"
EndProject
Project("{9A19103F-16F7-4668-BE54-9A1E7A4F7556}") = "Fiap.FileCut.Core", "Fiap.FileCut.Core\Fiap.FileCut.Core.csproj", "{EDB21828-7F39-46F1-861D-F6C8124599B1}"
EndProject
Project("{9A19103F-16F7-4668-BE54-9A1E7A4F7556}") = "Fiap.FileCut.Infra.Storage", "Fiap.FileCut.Infra.Storage\Fiap.FileCut.Infra.Storage.csproj", "{240F0128-FB40-4972-8FA3-646A93C54200}"
EndProject
Project("{2150E333-8FDC-42A3-9474-1A3956D46DE8}") = "Itens de Solução", "Itens de Solução", "{90E4ED8E-6986-4FE9-A42A-5E8515C54354}"
	ProjectSection(SolutionItems) = preProject
		LICENSE.txt = LICENSE.txt
		README.md = README.md
		.github\workflows\sonarcloud.yml = .github\workflows\sonarcloud.yml
	EndProjectSection
EndProject
Project("{2150E333-8FDC-42A3-9474-1A3956D46DE8}") = "tests", "tests", "{E22893E1-9183-4FC1-851E-9AB2966D05BD}"
EndProject
Project("{2150E333-8FDC-42A3-9474-1A3956D46DE8}") = "src", "src", "{8E27F5EC-273E-4A7F-BC5F-8C8369E3620A}"
EndProject
Project("{9A19103F-16F7-4668-BE54-9A1E7A4F7556}") = "Fiap.FileCut.Core.UnitTests", "Fiap.FileCut.Core.UnitTests\Fiap.FileCut.Core.UnitTests.csproj", "{91D92A1A-380E-465F-9F3B-9745A775D56E}"
EndProject
Project("{FAE04EC0-301F-11D3-BF4B-00C04F79EFBC}") = "Fiap.FileCut.Processing", "Fiap.FileCut.Processing\Fiap.FileCut.Processing.csproj", "{4145954B-6087-43CD-B539-C10A1C191187}"
EndProject
Global
	GlobalSection(SolutionConfigurationPlatforms) = preSolution
		Debug|Any CPU = Debug|Any CPU
		Release|Any CPU = Release|Any CPU
	EndGlobalSection
	GlobalSection(ProjectConfigurationPlatforms) = postSolution
		{E22AEAA6-63DE-4790-B560-260B42359210}.Debug|Any CPU.ActiveCfg = Debug|Any CPU
		{E22AEAA6-63DE-4790-B560-260B42359210}.Debug|Any CPU.Build.0 = Debug|Any CPU
		{E22AEAA6-63DE-4790-B560-260B42359210}.Release|Any CPU.ActiveCfg = Release|Any CPU
		{E22AEAA6-63DE-4790-B560-260B42359210}.Release|Any CPU.Build.0 = Release|Any CPU
		{EDB21828-7F39-46F1-861D-F6C8124599B1}.Debug|Any CPU.ActiveCfg = Debug|Any CPU
		{EDB21828-7F39-46F1-861D-F6C8124599B1}.Debug|Any CPU.Build.0 = Debug|Any CPU
		{EDB21828-7F39-46F1-861D-F6C8124599B1}.Release|Any CPU.ActiveCfg = Release|Any CPU
		{EDB21828-7F39-46F1-861D-F6C8124599B1}.Release|Any CPU.Build.0 = Release|Any CPU
		{240F0128-FB40-4972-8FA3-646A93C54200}.Debug|Any CPU.ActiveCfg = Debug|Any CPU
		{240F0128-FB40-4972-8FA3-646A93C54200}.Debug|Any CPU.Build.0 = Debug|Any CPU
		{240F0128-FB40-4972-8FA3-646A93C54200}.Release|Any CPU.ActiveCfg = Release|Any CPU
		{240F0128-FB40-4972-8FA3-646A93C54200}.Release|Any CPU.Build.0 = Release|Any CPU
		{91D92A1A-380E-465F-9F3B-9745A775D56E}.Debug|Any CPU.ActiveCfg = Debug|Any CPU
		{91D92A1A-380E-465F-9F3B-9745A775D56E}.Debug|Any CPU.Build.0 = Debug|Any CPU
		{91D92A1A-380E-465F-9F3B-9745A775D56E}.Release|Any CPU.ActiveCfg = Release|Any CPU
		{91D92A1A-380E-465F-9F3B-9745A775D56E}.Release|Any CPU.Build.0 = Release|Any CPU
		{4145954B-6087-43CD-B539-C10A1C191187}.Debug|Any CPU.ActiveCfg = Debug|Any CPU
		{4145954B-6087-43CD-B539-C10A1C191187}.Debug|Any CPU.Build.0 = Debug|Any CPU
		{4145954B-6087-43CD-B539-C10A1C191187}.Release|Any CPU.ActiveCfg = Release|Any CPU
		{4145954B-6087-43CD-B539-C10A1C191187}.Release|Any CPU.Build.0 = Release|Any CPU
	EndGlobalSection
	GlobalSection(SolutionProperties) = preSolution
		HideSolutionNode = FALSE
	EndGlobalSection
	GlobalSection(NestedProjects) = preSolution
		{E22AEAA6-63DE-4790-B560-260B42359210} = {8E27F5EC-273E-4A7F-BC5F-8C8369E3620A}
		{EDB21828-7F39-46F1-861D-F6C8124599B1} = {8E27F5EC-273E-4A7F-BC5F-8C8369E3620A}
		{240F0128-FB40-4972-8FA3-646A93C54200} = {8E27F5EC-273E-4A7F-BC5F-8C8369E3620A}
		{91D92A1A-380E-465F-9F3B-9745A775D56E} = {E22893E1-9183-4FC1-851E-9AB2966D05BD}
		{4145954B-6087-43CD-B539-C10A1C191187} = {8E27F5EC-273E-4A7F-BC5F-8C8369E3620A}
	EndGlobalSection
	GlobalSection(ExtensibilityGlobals) = postSolution
		SolutionGuid = {67C3BB2A-0634-4704-B8AB-405203C3C021}
	EndGlobalSection
EndGlobal
