
Microsoft Visual Studio Solution File, Format Version 12.00
# Visual Studio Version 17
VisualStudioVersion = 17.11.35327.3
MinimumVisualStudioVersion = 10.0.40219.1
Project("{9A19103F-16F7-4668-BE54-9A1E7A4F7556}") = "Fiap.FileCut.Infra.Api", "Fiap.FileCut.Infra.Api\Fiap.FileCut.Infra.Api.csproj", "{E22AEAA6-63DE-4790-B560-260B42359210}"
EndProject
Project("{9A19103F-16F7-4668-BE54-9A1E7A4F7556}") = "Fiap.FileCut.Core", "Fiap.FileCut.Core\Fiap.FileCut.Core.csproj", "{EDB21828-7F39-46F1-861D-F6C8124599B1}"
EndProject
Project("{9A19103F-16F7-4668-BE54-9A1E7A4F7556}") = "Fiap.FileCut.Infra.Storage", "Fiap.FileCut.Infra.Storage\Fiap.FileCut.Infra.Storage.csproj", "{240F0128-FB40-4972-8FA3-646A93C54200}"
EndProject
Project("{2150E333-8FDC-42A3-9474-1A3956D46DE8}") = "Itens de Solução", "Itens de Solução", "{90E4ED8E-6986-4FE9-A42A-5E8515C54354}"
	ProjectSection(SolutionItems) = preProject
		LICENSE.txt = LICENSE.txt
		README.md = README.md
		.github\workflows\sonarcloud.yml = .github\workflows\sonarcloud.yml
	EndProjectSection
EndProject
Project("{2150E333-8FDC-42A3-9474-1A3956D46DE8}") = "tests", "tests", "{E22893E1-9183-4FC1-851E-9AB2966D05BD}"
EndProject
Project("{2150E333-8FDC-42A3-9474-1A3956D46DE8}") = "src", "src", "{8E27F5EC-273E-4A7F-BC5F-8C8369E3620A}"
EndProject
Project("{9A19103F-16F7-4668-BE54-9A1E7A4F7556}") = "Fiap.FileCut.Core.UnitTests", "Fiap.FileCut.Core.UnitTests\Fiap.FileCut.Core.UnitTests.csproj", "{91D92A1A-380E-465F-9F3B-9745A775D56E}"
EndProject
Project("{9A19103F-16F7-4668-BE54-9A1E7A4F7556}") = "Fiap.FileCut.Processing", "Fiap.FileCut.Processing\Fiap.FileCut.Processing.csproj", "{4145954B-6087-43CD-B539-C10A1C191187}"
EndProject
Project("{9A19103F-16F7-4668-BE54-9A1E7A4F7556}") = "Fiap.FileCut.Infra.RabbitMq", "Fiap.FileCut.Infra.RabbitMq\Fiap.FileCut.Infra.RabbitMq.csproj", "{1C922A08-FABC-4213-B99C-30588A34B933}"
EndProject
Project("{9A19103F-16F7-4668-BE54-9A1E7A4F7556}") = "Fiap.FileCut.Infra.RabbitMq.UnitTests", "Fiap.FileCut.Infra.RabbitMq.UnitTests\Fiap.FileCut.Infra.RabbitMq.UnitTests.csproj", "{B31D3C64-C4FF-419A-A51F-C3A89931BD2B}"
EndProject
Project("{FAE04EC0-301F-11D3-BF4B-00C04F79EFBC}") = "Fiap.FileCut.Processing.UnitTests", "Fiap.FileCut.Processing.UnitTests\Fiap.FileCut.Processing.UnitTests.csproj", "{CDADADB9-62B0-4C87-B501-1DEB94AFC103}"
EndProject
Project("{FAE04EC0-301F-11D3-BF4B-00C04F79EFBC}") = "Fiap.FileCut.Infra.IdentityProvider", "Fiap.FileCut.Infra.IdentityProvider\Fiap.FileCut.Infra.IdentityProvider.csproj", "{274F330B-3A6E-4836-B5DE-307924E36801}"
EndProject
Project("{FAE04EC0-301F-11D3-BF4B-00C04F79EFBC}") = "Fiap.FileCut.Infra.IdentityProvider.UnitTests", "Fiap.FileCut.Infra.IdentityProvider.UnitTests\Fiap.FileCut.Infra.IdentityProvider.UnitTests.csproj", "{6F29F84B-C6CB-4A73-96AB-539A28C34E00}"
EndProject
Project("{FAE04EC0-301F-11D3-BF4B-00C04F79EFBC}") = "Fiap.FileCut.Core.InfraStorage.UnitTests", "Fiap.FileCut.Core.InfraStorage.UnitTests\Fiap.FileCut.Core.InfraStorage.UnitTests.csproj", "{06E0F853-F147-449B-9B7F-C56432127137}"
EndProject
Global
	GlobalSection(SolutionConfigurationPlatforms) = preSolution
		Debug|Any CPU = Debug|Any CPU
		Release|Any CPU = Release|Any CPU
	EndGlobalSection
	GlobalSection(ProjectConfigurationPlatforms) = postSolution
		{E22AEAA6-63DE-4790-B560-260B42359210}.Debug|Any CPU.ActiveCfg = Debug|Any CPU
		{E22AEAA6-63DE-4790-B560-260B42359210}.Debug|Any CPU.Build.0 = Debug|Any CPU
		{E22AEAA6-63DE-4790-B560-260B42359210}.Release|Any CPU.ActiveCfg = Release|Any CPU
		{E22AEAA6-63DE-4790-B560-260B42359210}.Release|Any CPU.Build.0 = Release|Any CPU
		{EDB21828-7F39-46F1-861D-F6C8124599B1}.Debug|Any CPU.ActiveCfg = Debug|Any CPU
		{EDB21828-7F39-46F1-861D-F6C8124599B1}.Debug|Any CPU.Build.0 = Debug|Any CPU
		{EDB21828-7F39-46F1-861D-F6C8124599B1}.Release|Any CPU.ActiveCfg = Release|Any CPU
		{EDB21828-7F39-46F1-861D-F6C8124599B1}.Release|Any CPU.Build.0 = Release|Any CPU
		{240F0128-FB40-4972-8FA3-646A93C54200}.Debug|Any CPU.ActiveCfg = Debug|Any CPU
		{240F0128-FB40-4972-8FA3-646A93C54200}.Debug|Any CPU.Build.0 = Debug|Any CPU
		{240F0128-FB40-4972-8FA3-646A93C54200}.Release|Any CPU.ActiveCfg = Release|Any CPU
		{240F0128-FB40-4972-8FA3-646A93C54200}.Release|Any CPU.Build.0 = Release|Any CPU
		{91D92A1A-380E-465F-9F3B-9745A775D56E}.Debug|Any CPU.ActiveCfg = Debug|Any CPU
		{91D92A1A-380E-465F-9F3B-9745A775D56E}.Debug|Any CPU.Build.0 = Debug|Any CPU
		{91D92A1A-380E-465F-9F3B-9745A775D56E}.Release|Any CPU.ActiveCfg = Release|Any CPU
		{91D92A1A-380E-465F-9F3B-9745A775D56E}.Release|Any CPU.Build.0 = Release|Any CPU
		{4145954B-6087-43CD-B539-C10A1C191187}.Debug|Any CPU.ActiveCfg = Debug|Any CPU
		{4145954B-6087-43CD-B539-C10A1C191187}.Debug|Any CPU.Build.0 = Debug|Any CPU
		{4145954B-6087-43CD-B539-C10A1C191187}.Release|Any CPU.ActiveCfg = Release|Any CPU
		{4145954B-6087-43CD-B539-C10A1C191187}.Release|Any CPU.Build.0 = Release|Any CPU
		{1C922A08-FABC-4213-B99C-30588A34B933}.Debug|Any CPU.ActiveCfg = Debug|Any CPU
		{1C922A08-FABC-4213-B99C-30588A34B933}.Debug|Any CPU.Build.0 = Debug|Any CPU
		{1C922A08-FABC-4213-B99C-30588A34B933}.Release|Any CPU.ActiveCfg = Release|Any CPU
		{1C922A08-FABC-4213-B99C-30588A34B933}.Release|Any CPU.Build.0 = Release|Any CPU
		{B31D3C64-C4FF-419A-A51F-C3A89931BD2B}.Debug|Any CPU.ActiveCfg = Debug|Any CPU
		{B31D3C64-C4FF-419A-A51F-C3A89931BD2B}.Debug|Any CPU.Build.0 = Debug|Any CPU
		{B31D3C64-C4FF-419A-A51F-C3A89931BD2B}.Release|Any CPU.ActiveCfg = Release|Any CPU
		{B31D3C64-C4FF-419A-A51F-C3A89931BD2B}.Release|Any CPU.Build.0 = Release|Any CPU
		{CDADADB9-62B0-4C87-B501-1DEB94AFC103}.Debug|Any CPU.ActiveCfg = Debug|Any CPU
		{CDADADB9-62B0-4C87-B501-1DEB94AFC103}.Debug|Any CPU.Build.0 = Debug|Any CPU
		{CDADADB9-62B0-4C87-B501-1DEB94AFC103}.Release|Any CPU.ActiveCfg = Release|Any CPU
		{CDADADB9-62B0-4C87-B501-1DEB94AFC103}.Release|Any CPU.Build.0 = Release|Any CPU
		{274F330B-3A6E-4836-B5DE-307924E36801}.Debug|Any CPU.ActiveCfg = Debug|Any CPU
		{274F330B-3A6E-4836-B5DE-307924E36801}.Debug|Any CPU.Build.0 = Debug|Any CPU
		{274F330B-3A6E-4836-B5DE-307924E36801}.Release|Any CPU.ActiveCfg = Release|Any CPU
		{274F330B-3A6E-4836-B5DE-307924E36801}.Release|Any CPU.Build.0 = Release|Any CPU
		{6F29F84B-C6CB-4A73-96AB-539A28C34E00}.Debug|Any CPU.ActiveCfg = Debug|Any CPU
		{6F29F84B-C6CB-4A73-96AB-539A28C34E00}.Debug|Any CPU.Build.0 = Debug|Any CPU
		{6F29F84B-C6CB-4A73-96AB-539A28C34E00}.Release|Any CPU.ActiveCfg = Release|Any CPU
		{6F29F84B-C6CB-4A73-96AB-539A28C34E00}.Release|Any CPU.Build.0 = Release|Any CPU
		{06E0F853-F147-449B-9B7F-C56432127137}.Debug|Any CPU.ActiveCfg = Debug|Any CPU
		{06E0F853-F147-449B-9B7F-C56432127137}.Debug|Any CPU.Build.0 = Debug|Any CPU
		{06E0F853-F147-449B-9B7F-C56432127137}.Release|Any CPU.ActiveCfg = Release|Any CPU
		{06E0F853-F147-449B-9B7F-C56432127137}.Release|Any CPU.Build.0 = Release|Any CPU
	EndGlobalSection
	GlobalSection(SolutionProperties) = preSolution
		HideSolutionNode = FALSE
	EndGlobalSection
	GlobalSection(NestedProjects) = preSolution
		{E22AEAA6-63DE-4790-B560-260B42359210} = {8E27F5EC-273E-4A7F-BC5F-8C8369E3620A}
		{EDB21828-7F39-46F1-861D-F6C8124599B1} = {8E27F5EC-273E-4A7F-BC5F-8C8369E3620A}
		{240F0128-FB40-4972-8FA3-646A93C54200} = {8E27F5EC-273E-4A7F-BC5F-8C8369E3620A}
		{91D92A1A-380E-465F-9F3B-9745A775D56E} = {E22893E1-9183-4FC1-851E-9AB2966D05BD}
		{4145954B-6087-43CD-B539-C10A1C191187} = {8E27F5EC-273E-4A7F-BC5F-8C8369E3620A}
		{1C922A08-FABC-4213-B99C-30588A34B933} = {8E27F5EC-273E-4A7F-BC5F-8C8369E3620A}
		{B31D3C64-C4FF-419A-A51F-C3A89931BD2B} = {E22893E1-9183-4FC1-851E-9AB2966D05BD}
		{CDADADB9-62B0-4C87-B501-1DEB94AFC103} = {E22893E1-9183-4FC1-851E-9AB2966D05BD}
		{274F330B-3A6E-4836-B5DE-307924E36801} = {8E27F5EC-273E-4A7F-BC5F-8C8369E3620A}
		{6F29F84B-C6CB-4A73-96AB-539A28C34E00} = {E22893E1-9183-4FC1-851E-9AB2966D05BD}
		{06E0F853-F147-449B-9B7F-C56432127137} = {E22893E1-9183-4FC1-851E-9AB2966D05BD}
	EndGlobalSection
	GlobalSection(ExtensibilityGlobals) = postSolution
		SolutionGuid = {67C3BB2A-0634-4704-B8AB-405203C3C021}
	EndGlobalSection
EndGlobal
